# THIS IS AN AUTOGENERATED FILE. DO NOT EDIT THIS FILE DIRECTLY.
# yarn lockfile v1


"@babel/runtime@^7.4.4", "@babel/runtime@^7.5.5", "@babel/runtime@^7.8.7":
  version "7.14.6"
  resolved "https://registry.yarnpkg.com/@babel/runtime/-/runtime-7.14.6.tgz#535203bc0892efc7dec60bdc27b2ecf6e409062d"
  integrity sha512-/PCB2uJ7oM44tz8YhC4Z/6PeOKXp4K588f+5M3clr1M4zbqztlo0XEfJ2LEzj/FgwfgGcIdl8n7YYjTCI0BYwg==
  dependencies:
    regenerator-runtime "^0.13.4"

"@emotion/cache@^11.0.0":
  version "11.4.0"
  resolved "https://registry.yarnpkg.com/@emotion/cache/-/cache-11.4.0.tgz#293fc9d9a7a38b9aad8e9337e5014366c3b09ac0"
  integrity sha512-Zx70bjE7LErRO9OaZrhf22Qye1y4F7iDl+ITjet0J+i+B88PrAOBkKvaAWhxsZf72tDLajwCgfCjJ2dvH77C3g==
  dependencies:
    "@emotion/memoize" "^0.7.4"
    "@emotion/sheet" "^1.0.0"
    "@emotion/utils" "^1.0.0"
    "@emotion/weak-memoize" "^0.2.5"
    stylis "^4.0.3"

"@emotion/memoize@^0.7.4":
  version "0.7.5"
  resolved "https://registry.yarnpkg.com/@emotion/memoize/-/memoize-0.7.5.tgz#2c40f81449a4e554e9fc6396910ed4843ec2be50"
  integrity sha512-igX9a37DR2ZPGYtV6suZ6whr8pTFtyHL3K/oLUotxpSVO2ASaprmAe2Dkq7tBo7CRY7MMDrAa9nuQP9/YG8FxQ==

"@emotion/sheet@^1.0.0":
  version "1.0.1"
  resolved "https://registry.yarnpkg.com/@emotion/sheet/-/sheet-1.0.1.tgz#245f54abb02dfd82326e28689f34c27aa9b2a698"
  integrity sha512-GbIvVMe4U+Zc+929N1V7nW6YYJtidj31lidSmdYcWozwoBIObXBnaJkKNDjZrLm9Nc0BR+ZyHNaRZxqNZbof5g==

"@emotion/utils@^1.0.0":
  version "1.0.0"
  resolved "https://registry.yarnpkg.com/@emotion/utils/-/utils-1.0.0.tgz#abe06a83160b10570816c913990245813a2fd6af"
  integrity sha512-mQC2b3XLDs6QCW+pDQDiyO/EdGZYOygE8s5N5rrzjSI4M3IejPE/JPndCBwRT9z982aqQNi6beWs1UeayrQxxA==

"@emotion/weak-memoize@^0.2.5":
  version "0.2.5"
  resolved "https://registry.yarnpkg.com/@emotion/weak-memoize/-/weak-memoize-0.2.5.tgz#8eed982e2ee6f7f4e44c253e12962980791efd46"
  integrity sha512-6U71C2Wp7r5XtFtQzYrW5iKFT67OixrSxjI4MptCHzdSVlgabczzqLe0ZSgnub/5Kp4hSbpDB1tMytZY9pwxxA==

"@material-ui/core@^5.0.0-beta.0":
  version "5.0.0-beta.0"
  resolved "https://registry.yarnpkg.com/@material-ui/core/-/core-5.0.0-beta.0.tgz#2175dc3b5872fb6da5ad009b4a737833aaf1264e"
  integrity sha512-QU3ylBrILAUU04og7QZxYxwb14usCDTtuj/2ILjIfGNqhneSPMsg1bMKFXZQXo3tGlFBfZpDxet7AIjlxBKpcA==
  dependencies:
    "@babel/runtime" "^7.4.4"
    "@material-ui/system" "5.0.0-beta.0"
    "@material-ui/types" "6.0.1"
    "@material-ui/unstyled" "5.0.0-alpha.39"
    "@material-ui/utils" "5.0.0-beta.0"
    "@popperjs/core" "^2.4.4"
    "@types/react-transition-group" "^4.2.0"
    clsx "^1.0.4"
    csstype "^3.0.2"
    hoist-non-react-statics "^3.3.2"
    prop-types "^15.7.2"
    react-is "^17.0.0"
    react-transition-group "^4.4.0"

"@material-ui/lab@^4.0.0-alpha.58":
  version "4.0.0-alpha.59"
  resolved "https://registry.yarnpkg.com/@material-ui/lab/-/lab-4.0.0-alpha.59.tgz#d8d064e8f6064aaad4cfc003aa1ff1a711efdc96"
  integrity sha512-FlA51B4aZbbnqRC70vCqSoQgbMyJsiT5oQg3B4RN3YlS92v9L/f5XmMRB4xj/ECF+1/BdHA5ZoupzIltNJtB2A==
  dependencies:
    "@babel/runtime" "^7.4.4"
    "@material-ui/utils" "^4.11.2"
    clsx "^1.0.4"
    prop-types "^15.7.2"
    react-is "^16.8.0 || ^17.0.0"

"@material-ui/private-theming@5.0.0-beta.0":
  version "5.0.0-beta.0"
  resolved "https://registry.yarnpkg.com/@material-ui/private-theming/-/private-theming-5.0.0-beta.0.tgz#54b00f535543b479361c95e7c2e2c0a319773e54"
  integrity sha512-qML7cZBD7XSvxQPdkhj6dieOgTLJ9WzAI8IMpy3Fqvb0YUXRZGPhb4znM5uko19k1D10bC4xb+0k0cAeWWwJxA==
  dependencies:
    "@babel/runtime" "^7.4.4"
    "@material-ui/utils" "5.0.0-beta.0"
    prop-types "^15.7.2"

"@material-ui/styled-engine@5.0.0-beta.0":
  version "5.0.0-beta.0"
  resolved "https://registry.yarnpkg.com/@material-ui/styled-engine/-/styled-engine-5.0.0-beta.0.tgz#6faddf6cce241baddff6874692044562fbfdd69b"
  integrity sha512-+pqTBL6p2XdQk7icyI2tQoPxQUya5AJRTa7S6rHO14B8t2fUdLM4CXuJetkj+bLjQCpIQOewTqs0PniGvpKHkw==
  dependencies:
    "@babel/runtime" "^7.4.4"
    "@emotion/cache" "^11.0.0"
    prop-types "^15.7.2"

"@material-ui/system@5.0.0-beta.0":
  version "5.0.0-beta.0"
  resolved "https://registry.yarnpkg.com/@material-ui/system/-/system-5.0.0-beta.0.tgz#6e50129779003b65c1bccb2a3ee270d76f91e06b"
  integrity sha512-JqdRYgm0df8tBX0j8NjM2AP+HdJKn0wUVcDviSe8j4wd60xwltooMSqQNqCrELFhyDMtagF2PLhc0gChRyaZ9g==
  dependencies:
    "@babel/runtime" "^7.4.4"
    "@material-ui/private-theming" "5.0.0-beta.0"
    "@material-ui/styled-engine" "5.0.0-beta.0"
    "@material-ui/types" "6.0.1"
    "@material-ui/utils" "5.0.0-beta.0"
    clsx "^1.0.4"
    csstype "^3.0.2"
    prop-types "^15.7.2"

"@material-ui/types@6.0.1":
  version "6.0.1"
  resolved "https://registry.yarnpkg.com/@material-ui/types/-/types-6.0.1.tgz#bfcdcd3bb5091e5feac2b191db516543d84e26af"
  integrity sha512-t53C2BZE59e8ao38EDIZdM2smPDSEo5Xx9XxQ/MNM9Ph63Mu4vj5pmECiXkYp0y2OrvFiiZhcqRWV34SBOA18g==

"@material-ui/unstyled@5.0.0-alpha.39":
  version "5.0.0-alpha.39"
  resolved "https://registry.yarnpkg.com/@material-ui/unstyled/-/unstyled-5.0.0-alpha.39.tgz#64dfa924ce640367b9340d42dbfdf35cfcf90d3b"
  integrity sha512-RUryD7sA+pd/ZXdLRmds7m0JYSttKtrju5mkSb6eK7mIIdSUWXiQXukDW5kidYNBdXkqPzyrKw0h0qV3yrj6aw==
  dependencies:
    "@babel/runtime" "^7.4.4"
    "@material-ui/utils" "5.0.0-beta.0"
    clsx "^1.0.4"
    prop-types "^15.7.2"
    react-is "^17.0.0"

"@material-ui/utils@5.0.0-beta.0":
  version "5.0.0-beta.0"
  resolved "https://registry.yarnpkg.com/@material-ui/utils/-/utils-5.0.0-beta.0.tgz#2b2083b356a98618de73c9bd29f271f9143a07a2"
  integrity sha512-eBBqd+53NBUCgTU6TFGlhN0GsAPmnrHwdVBW6y4t/jP6sEXgDjVaJm5FKSYKkkCl+iRfZEAfdYyCeAn04eummw==
  dependencies:
    "@babel/runtime" "^7.4.4"
    "@types/prop-types" "^15.7.3"
    "@types/react-is" "^16.7.1 || ^17.0.0"
    prop-types "^15.7.2"
    react-is "^17.0.0"

"@material-ui/utils@^4.11.2":
  version "4.11.2"
  resolved "https://registry.yarnpkg.com/@material-ui/utils/-/utils-4.11.2.tgz#f1aefa7e7dff2ebcb97d31de51aecab1bb57540a"
  integrity sha512-Uul8w38u+PICe2Fg2pDKCaIG7kOyhowZ9vjiC1FsVwPABTW8vPPKfF6OvxRq3IiBaI1faOJmgdvMG7rMJARBhA==
  dependencies:
    "@babel/runtime" "^7.4.4"
    prop-types "^15.7.2"
    react-is "^16.8.0 || ^17.0.0"

"@popperjs/core@^2.4.4":
  version "2.9.2"
  resolved "https://registry.yarnpkg.com/@popperjs/core/-/core-2.9.2.tgz#adea7b6953cbb34651766b0548468e743c6a2353"
  integrity sha512-VZMYa7+fXHdwIq1TDhSXoVmSPEGM/aa+6Aiq3nVVJ9bXr24zScr+NlKFKC3iPljA7ho/GAZr+d2jOf5GIRC30Q==

"@types/prop-types@*", "@types/prop-types@^15.7.3":
  version "15.7.3"
  resolved "https://registry.yarnpkg.com/@types/prop-types/-/prop-types-15.7.3.tgz#2ab0d5da2e5815f94b0b9d4b95d1e5f243ab2ca7"
  integrity sha512-KfRL3PuHmqQLOG+2tGpRO26Ctg+Cq1E01D2DMriKEATHgWLfeNDmq9e29Q9WIky0dQ3NPkd1mzYH8Lm936Z9qw==

"@types/react-is@^16.7.1 || ^17.0.0":
  version "17.0.1"
  resolved "https://registry.yarnpkg.com/@types/react-is/-/react-is-17.0.1.tgz#8298442d3860a716e3e8435c1e6e36c189639bdb"
  integrity sha512-X6jVqDIibL2sY0Qtth5EzNeUgPyoCWeBZdmE5xKr7hI4zaQDwN0VaQd7pJnlOB0mDGnOVH0cZZVXg9cnWhztQg==
  dependencies:
    "@types/react" "*"

"@types/react-transition-group@^4.2.0":
  version "4.4.1"
  resolved "https://registry.yarnpkg.com/@types/react-transition-group/-/react-transition-group-4.4.1.tgz#e1a3cb278df7f47f17b5082b1b3da17170bd44b1"
  integrity sha512-vIo69qKKcYoJ8wKCJjwSgCTM+z3chw3g18dkrDfVX665tMH7tmbDxEAnPdey4gTlwZz5QuHGzd+hul0OVZDqqQ==
  dependencies:
    "@types/react" "*"

"@types/react@*":
  version "17.0.13"
  resolved "https://registry.yarnpkg.com/@types/react/-/react-17.0.13.tgz#6b7c9a8f2868586ad87d941c02337c6888fb874f"
  integrity sha512-D/G3PiuqTfE3IMNjLn/DCp6umjVCSvtZTPdtAFy5+Ved6CsdRvivfKeCzw79W4AatShtU4nGqgvOv5Gro534vQ==
  dependencies:
    "@types/prop-types" "*"
    "@types/scheduler" "*"
    csstype "^3.0.2"

"@types/scheduler@*":
  version "0.16.1"
  resolved "https://registry.yarnpkg.com/@types/scheduler/-/scheduler-0.16.1.tgz#18845205e86ff0038517aab7a18a62a6b9f71275"
  integrity sha512-EaCxbanVeyxDRTQBkdLb3Bvl/HK7PBK6UJjsSixB0iHKoWxE5uu2Q/DgtpOhPIojN0Zl1whvOd7PoHs2P0s5eA==

axios@^0.21.1:
  version "0.21.1"
  resolved "https://registry.yarnpkg.com/axios/-/axios-0.21.1.tgz#22563481962f4d6bde9a76d516ef0e5d3c09b2b8"
  integrity sha512-dKQiRHxGD9PPRIUNIWvZhPTPpl1rf/OxTYKsqKUDjBwYylTvV7SjSHJb9ratfyzM6wCdLCOYLzs73qpg5c4iGA==
  dependencies:
    follow-redirects "^1.10.0"

clsx@^1.0.4:
  version "1.1.1"
  resolved "https://registry.yarnpkg.com/clsx/-/clsx-1.1.1.tgz#98b3134f9abbdf23b2663491ace13c5c03a73188"
  integrity sha512-6/bPho624p3S2pMyvP5kKBPXnI3ufHLObBFCfgx+LkeR5lg2XYy2hqZqUf45ypD8COn2bhgGJSUE+l5dhNBieA==

csstype@^3.0.2:
  version "3.0.8"
  resolved "https://registry.yarnpkg.com/csstype/-/csstype-3.0.8.tgz#d2266a792729fb227cd216fb572f43728e1ad340"
  integrity sha512-jXKhWqXPmlUeoQnF/EhTtTl4C9SnrxSH/jZUih3jmO6lBKr99rP3/+FmrMj4EFpOXzMtXHAZkd3x0E6h6Fgflw==

dom-helpers@^5.0.1:
  version "5.2.1"
  resolved "https://registry.yarnpkg.com/dom-helpers/-/dom-helpers-5.2.1.tgz#d9400536b2bf8225ad98fe052e029451ac40e902"
  integrity sha512-nRCa7CK3VTrM2NmGkIy4cbK7IZlgBE/PYMn55rrXefr5xXDP0LdtfPnblFDoVdcAfslJ7or6iqAUnx0CCGIWQA==
  dependencies:
    "@babel/runtime" "^7.8.7"
    csstype "^3.0.2"

follow-redirects@^1.10.0:
  version "1.14.1"
  resolved "https://registry.yarnpkg.com/follow-redirects/-/follow-redirects-1.14.1.tgz#d9114ded0a1cfdd334e164e6662ad02bfd91ff43"
  integrity sha512-HWqDgT7ZEkqRzBvc2s64vSZ/hfOceEol3ac/7tKwzuvEyWx3/4UegXh5oBOIotkGsObyk3xznnSRVADBgWSQVg==

hoist-non-react-statics@^3.3.2:
  version "3.3.2"
  resolved "https://registry.yarnpkg.com/hoist-non-react-statics/-/hoist-non-react-statics-3.3.2.tgz#ece0acaf71d62c2969c2ec59feff42a4b1a85b45"
  integrity sha512-/gGivxi8JPKWNm/W0jSmzcMPpfpPLc3dY/6GxhX2hQ9iGj3aDfklV4ET7NjKpSinLpJ5vafa9iiGIEZg10SfBw==
  dependencies:
    react-is "^16.7.0"

"js-tokens@^3.0.0 || ^4.0.0":
  version "4.0.0"
  resolved "https://registry.yarnpkg.com/js-tokens/-/js-tokens-4.0.0.tgz#19203fb59991df98e3a287050d4647cdeaf32499"
  integrity sha512-RdJUflcE3cUzKiMqQgsCu06FPu9UdIJO0beYbPhHN4k6apgJtifcoCtT9bcxOpYBtpD2kCM6Sbzg4CausW/PKQ==

loose-envify@^1.4.0:
  version "1.4.0"
  resolved "https://registry.yarnpkg.com/loose-envify/-/loose-envify-1.4.0.tgz#71ee51fa7be4caec1a63839f7e682d8132d30caf"
  integrity sha512-lyuxPGr/Wfhrlem2CL/UcnUc1zcqKAImBDzukY7Y5F/yQiNdko6+fRLevlw1HgMySw7f611UIY408EtxRSoK3Q==
  dependencies:
    js-tokens "^3.0.0 || ^4.0.0"

object-assign@^4.1.1:
  version "4.1.1"
  resolved "https://registry.yarnpkg.com/object-assign/-/object-assign-4.1.1.tgz#2109adc7965887cfc05cbbd442cac8bfbb360863"
  integrity sha1-IQmtx5ZYh8/AXLvUQsrIv7s2CGM=

prop-types@^15.6.2, prop-types@^15.7.2:
  version "15.7.2"
  resolved "https://registry.yarnpkg.com/prop-types/-/prop-types-15.7.2.tgz#52c41e75b8c87e72b9d9360e0206b99dcbffa6c5"
  integrity sha512-8QQikdH7//R2vurIJSutZ1smHYTcLpRWEOlHnzcWHmBYrOGUysKwSsrC89BCiFj3CbrfJ/nXFdJepOVrY1GCHQ==
  dependencies:
    loose-envify "^1.4.0"
    object-assign "^4.1.1"
    react-is "^16.8.1"

react-is@^16.7.0, react-is@^16.8.1:
  version "16.13.1"
  resolved "https://registry.yarnpkg.com/react-is/-/react-is-16.13.1.tgz#789729a4dc36de2999dc156dd6c1d9c18cea56a4"
  integrity sha512-24e6ynE2H+OKt4kqsOvNd8kBpV65zoxbA4BVsEOB3ARVWQki/DHzaUoC5KuON/BiccDaCCTZBuOcfZs70kR8bQ==

"react-is@^16.8.0 || ^17.0.0", react-is@^17.0.0:
  version "17.0.2"
  resolved "https://registry.yarnpkg.com/react-is/-/react-is-17.0.2.tgz#e691d4a8e9c789365655539ab372762b0efb54f0"
  integrity sha512-w2GsyukL62IJnlaff/nRegPQR94C/XXamvMWmSHRJ4y7Ts/4ocGRmTHvOs8PSE6pB3dWOrD/nueuU5sduBsQ4w==

react-transition-group@^4.4.0:
  version "4.4.2"
  resolved "https://registry.yarnpkg.com/react-transition-group/-/react-transition-group-4.4.2.tgz#8b59a56f09ced7b55cbd53c36768b922890d5470"
  integrity sha512-/RNYfRAMlZwDSr6z4zNKV6xu53/e2BuaBbGhbyYIXTrmgu/bGHzmqOs7mJSJBHy9Ud+ApHx3QjrkKSp1pxvlFg==
  dependencies:
    "@babel/runtime" "^7.5.5"
    dom-helpers "^5.0.1"
    loose-envify "^1.4.0"
    prop-types "^15.6.2"

regenerator-runtime@^0.13.4:
  version "0.13.7"
  resolved "https://registry.yarnpkg.com/regenerator-runtime/-/regenerator-runtime-0.13.7.tgz#cac2dacc8a1ea675feaabaeb8ae833898ae46f55"
  integrity sha512-a54FxoJDIr27pgf7IgeQGxmqUNYrcV338lf/6gH456HZ/PhX+5BcwHXG9ajESmwe6WRO0tAzRUrRmNONWgkrew==

stylis@^4.0.3:
  version "4.0.10"
  resolved "https://registry.yarnpkg.com/stylis/-/stylis-4.0.10.tgz#446512d1097197ab3f02fb3c258358c3f7a14240"
  integrity sha512-m3k+dk7QeJw660eIKRRn3xPF6uuvHs/FFzjX3HQ5ove0qYsiygoAhwn5a3IYKaZPo5LrYD0rfVmtv1gNY1uYwg==
